
Microsoft Visual Studio Solution File, Format Version 12.00
# Visual Studio Version 16
VisualStudioVersion = 16.0.29728.190
MinimumVisualStudioVersion = 10.0.40219.1
Project("{8BC9CEB8-8B4A-11D0-8D11-00A0C91BC942}") = "jakub_spalek_lab4_64bit", "jakub_spalek_lab4_64bit\jakub_spalek_lab4_64bit.vcxproj", "{93ED161A-CEE1-41BB-A0C2-CB9692F679D7}"
EndProject
Global
	GlobalSection(SolutionConfigurationPlatforms) = preSolution
		Debug|x64 = Debug|x64
		Debug|x86 = Debug|x86
		Release|x64 = Release|x64
		Release|x86 = Release|x86
	EndGlobalSection
	GlobalSection(ProjectConfigurationPlatforms) = postSolution
		{93ED161A-CEE1-41BB-A0C2-CB9692F679D7}.Debug|x64.ActiveCfg = Debug|x64
		{93ED161A-CEE1-41BB-A0C2-CB9692F679D7}.Debug|x64.Build.0 = Debug|x64
		{93ED161A-CEE1-41BB-A0C2-CB9692F679D7}.Debug|x86.ActiveCfg = Debug|Win32
		{93ED161A-CEE1-41BB-A0C2-CB9692F679D7}.Debug|x86.Build.0 = Debug|Win32
		{93ED161A-CEE1-41BB-A0C2-CB9692F679D7}.Release|x64.ActiveCfg = Release|x64
		{93ED161A-CEE1-41BB-A0C2-CB9692F679D7}.Release|x64.Build.0 = Release|x64
		{93ED161A-CEE1-41BB-A0C2-CB9692F679D7}.Release|x86.ActiveCfg = Release|Win32
		{93ED161A-CEE1-41BB-A0C2-CB9692F679D7}.Release|x86.Build.0 = Release|Win32
	EndGlobalSection
	GlobalSection(SolutionProperties) = preSolution
		HideSolutionNode = FALSE
	EndGlobalSection
	GlobalSection(ExtensibilityGlobals) = postSolution
		SolutionGuid = {73A7E55D-65B0-493A-8DE0-CB9787C4C8EA}
	EndGlobalSection
EndGlobal
